// !$*UTF8*$!
{
	archiveVersion = 1;
	classes = {
	};
	objectVersion = 56;
	objects = {

/* Begin PBXBuildFile section */
		4834302429DDC15D0021CE72 /* UserDefaultsStore.swift in Sources */ = {isa = PBXBuildFile; fileRef = 4834302329DDC15D0021CE72 /* UserDefaultsStore.swift */; };
		4834302729DDC1BE0021CE72 /* FavoritePrimesViewModel.swift in Sources */ = {isa = PBXBuildFile; fileRef = 4834302629DDC1BE0021CE72 /* FavoritePrimesViewModel.swift */; };
		4834302929DDC92E0021CE72 /* CircleButton.swift in Sources */ = {isa = PBXBuildFile; fileRef = 4834302829DDC92E0021CE72 /* CircleButton.swift */; };
		4840ADA729D44F8800C8D620 /* PrimeNumberAppApp.swift in Sources */ = {isa = PBXBuildFile; fileRef = 4840ADA629D44F8800C8D620 /* PrimeNumberAppApp.swift */; };
		4840ADA929D44F8800C8D620 /* MenuView.swift in Sources */ = {isa = PBXBuildFile; fileRef = 4840ADA829D44F8800C8D620 /* MenuView.swift */; };
		4840ADAB29D44F8900C8D620 /* Assets.xcassets in Resources */ = {isa = PBXBuildFile; fileRef = 4840ADAA29D44F8900C8D620 /* Assets.xcassets */; };
		4840ADAE29D44F8900C8D620 /* Preview Assets.xcassets in Resources */ = {isa = PBXBuildFile; fileRef = 4840ADAD29D44F8900C8D620 /* Preview Assets.xcassets */; };
		4840ADB829D44F8A00C8D620 /* PrimeNumberAppTests.swift in Sources */ = {isa = PBXBuildFile; fileRef = 4840ADB729D44F8A00C8D620 /* PrimeNumberAppTests.swift */; };
		4840ADC229D44F8A00C8D620 /* PrimeNumberAppUITests.swift in Sources */ = {isa = PBXBuildFile; fileRef = 4840ADC129D44F8A00C8D620 /* PrimeNumberAppUITests.swift */; };
		4840ADC429D44F8A00C8D620 /* PrimeNumberAppUITestsLaunchTests.swift in Sources */ = {isa = PBXBuildFile; fileRef = 4840ADC329D44F8A00C8D620 /* PrimeNumberAppUITestsLaunchTests.swift */; };
		4840ADD229D4519800C8D620 /* CounterView.swift in Sources */ = {isa = PBXBuildFile; fileRef = 4840ADD129D4519800C8D620 /* CounterView.swift */; };
		4840ADD529D45A3200C8D620 /* NumberPluralizer.swift in Sources */ = {isa = PBXBuildFile; fileRef = 4840ADD429D45A3200C8D620 /* NumberPluralizer.swift */; };
		4840ADD829D45CFE00C8D620 /* AppState.swift in Sources */ = {isa = PBXBuildFile; fileRef = 4840ADD729D45CFE00C8D620 /* AppState.swift */; };
		4840ADDA29D462C700C8D620 /* UserDefaultsProvider.swift in Sources */ = {isa = PBXBuildFile; fileRef = 4840ADD929D462C700C8D620 /* UserDefaultsProvider.swift */; };
		4840ADDC29D4761A00C8D620 /* IsPrimeModalView.swift in Sources */ = {isa = PBXBuildFile; fileRef = 4840ADDB29D4761A00C8D620 /* IsPrimeModalView.swift */; };
		4840ADDE29D5BB0000C8D620 /* IsPrimeNumberChecker.swift in Sources */ = {isa = PBXBuildFile; fileRef = 4840ADDD29D5BB0000C8D620 /* IsPrimeNumberChecker.swift */; };
		4840ADE129D5BB3A00C8D620 /* String+Extensions.swift in Sources */ = {isa = PBXBuildFile; fileRef = 4840ADE029D5BB3A00C8D620 /* String+Extensions.swift */; };
		4840ADE529D5C18700C8D620 /* WolframAlphaResult.swift in Sources */ = {isa = PBXBuildFile; fileRef = 4840ADE429D5C18700C8D620 /* WolframAlphaResult.swift */; };
		4840ADE729D5C39C00C8D620 /* NetworkService.swift in Sources */ = {isa = PBXBuildFile; fileRef = 4840ADE629D5C39C00C8D620 /* NetworkService.swift */; };
		4840ADE929D5C3D400C8D620 /* APIError.swift in Sources */ = {isa = PBXBuildFile; fileRef = 4840ADE829D5C3D400C8D620 /* APIError.swift */; };
		4840ADEB29D5C3F000C8D620 /* RequestBuilder.swift in Sources */ = {isa = PBXBuildFile; fileRef = 4840ADEA29D5C3F000C8D620 /* RequestBuilder.swift */; };
		4840ADEE29D5C42200C8D620 /* WolframEndpoint.swift in Sources */ = {isa = PBXBuildFile; fileRef = 4840ADED29D5C42200C8D620 /* WolframEndpoint.swift */; };
		48DC1AAD29DC44DA0011A0A0 /* WolframNetworkManagerProtocol.swift in Sources */ = {isa = PBXBuildFile; fileRef = 48DC1AAC29DC44DA0011A0A0 /* WolframNetworkManagerProtocol.swift */; };
		48DC1AB029DC491D0011A0A0 /* CounterViewModel.swift in Sources */ = {isa = PBXBuildFile; fileRef = 48DC1AAF29DC491D0011A0A0 /* CounterViewModel.swift */; };
		48DC1AB229DC4CCA0011A0A0 /* MenuViewModel.swift in Sources */ = {isa = PBXBuildFile; fileRef = 48DC1AB129DC4CCA0011A0A0 /* MenuViewModel.swift */; };
		48DC1AB429DC63910011A0A0 /* FavoritePrimesView.swift in Sources */ = {isa = PBXBuildFile; fileRef = 48DC1AB329DC63910011A0A0 /* FavoritePrimesView.swift */; };
		48DC1AB729DC67210011A0A0 /* FavoritePrimes.swift in Sources */ = {isa = PBXBuildFile; fileRef = 48DC1AB629DC67210011A0A0 /* FavoritePrimes.swift */; };
/* End PBXBuildFile section */

/* Begin PBXContainerItemProxy section */
		4840ADB429D44F8A00C8D620 /* PBXContainerItemProxy */ = {
			isa = PBXContainerItemProxy;
			containerPortal = 4840AD9B29D44F8800C8D620 /* Project object */;
			proxyType = 1;
			remoteGlobalIDString = 4840ADA229D44F8800C8D620;
			remoteInfo = PrimeNumberApp;
		};
		4840ADBE29D44F8A00C8D620 /* PBXContainerItemProxy */ = {
			isa = PBXContainerItemProxy;
			containerPortal = 4840AD9B29D44F8800C8D620 /* Project object */;
			proxyType = 1;
			remoteGlobalIDString = 4840ADA229D44F8800C8D620;
			remoteInfo = PrimeNumberApp;
		};
/* End PBXContainerItemProxy section */

/* Begin PBXFileReference section */
		4834302329DDC15D0021CE72 /* UserDefaultsStore.swift */ = {isa = PBXFileReference; lastKnownFileType = sourcecode.swift; path = UserDefaultsStore.swift; sourceTree = "<group>"; };
		4834302629DDC1BE0021CE72 /* FavoritePrimesViewModel.swift */ = {isa = PBXFileReference; lastKnownFileType = sourcecode.swift; path = FavoritePrimesViewModel.swift; sourceTree = "<group>"; };
		4834302829DDC92E0021CE72 /* CircleButton.swift */ = {isa = PBXFileReference; lastKnownFileType = sourcecode.swift; path = CircleButton.swift; sourceTree = "<group>"; };
		4840ADA329D44F8800C8D620 /* PrimeNumberApp.app */ = {isa = PBXFileReference; explicitFileType = wrapper.application; includeInIndex = 0; path = PrimeNumberApp.app; sourceTree = BUILT_PRODUCTS_DIR; };
		4840ADA629D44F8800C8D620 /* PrimeNumberAppApp.swift */ = {isa = PBXFileReference; lastKnownFileType = sourcecode.swift; path = PrimeNumberAppApp.swift; sourceTree = "<group>"; };
		4840ADA829D44F8800C8D620 /* MenuView.swift */ = {isa = PBXFileReference; lastKnownFileType = sourcecode.swift; path = MenuView.swift; sourceTree = "<group>"; };
		4840ADAA29D44F8900C8D620 /* Assets.xcassets */ = {isa = PBXFileReference; lastKnownFileType = folder.assetcatalog; path = Assets.xcassets; sourceTree = "<group>"; };
		4840ADAD29D44F8900C8D620 /* Preview Assets.xcassets */ = {isa = PBXFileReference; lastKnownFileType = folder.assetcatalog; path = "Preview Assets.xcassets"; sourceTree = "<group>"; };
		4840ADB329D44F8A00C8D620 /* PrimeNumberAppTests.xctest */ = {isa = PBXFileReference; explicitFileType = wrapper.cfbundle; includeInIndex = 0; path = PrimeNumberAppTests.xctest; sourceTree = BUILT_PRODUCTS_DIR; };
		4840ADB729D44F8A00C8D620 /* PrimeNumberAppTests.swift */ = {isa = PBXFileReference; lastKnownFileType = sourcecode.swift; path = PrimeNumberAppTests.swift; sourceTree = "<group>"; };
		4840ADBD29D44F8A00C8D620 /* PrimeNumberAppUITests.xctest */ = {isa = PBXFileReference; explicitFileType = wrapper.cfbundle; includeInIndex = 0; path = PrimeNumberAppUITests.xctest; sourceTree = BUILT_PRODUCTS_DIR; };
		4840ADC129D44F8A00C8D620 /* PrimeNumberAppUITests.swift */ = {isa = PBXFileReference; lastKnownFileType = sourcecode.swift; path = PrimeNumberAppUITests.swift; sourceTree = "<group>"; };
		4840ADC329D44F8A00C8D620 /* PrimeNumberAppUITestsLaunchTests.swift */ = {isa = PBXFileReference; lastKnownFileType = sourcecode.swift; path = PrimeNumberAppUITestsLaunchTests.swift; sourceTree = "<group>"; };
		4840ADD129D4519800C8D620 /* CounterView.swift */ = {isa = PBXFileReference; lastKnownFileType = sourcecode.swift; path = CounterView.swift; sourceTree = "<group>"; };
		4840ADD429D45A3200C8D620 /* NumberPluralizer.swift */ = {isa = PBXFileReference; lastKnownFileType = sourcecode.swift; path = NumberPluralizer.swift; sourceTree = "<group>"; };
		4840ADD729D45CFE00C8D620 /* AppState.swift */ = {isa = PBXFileReference; lastKnownFileType = sourcecode.swift; path = AppState.swift; sourceTree = "<group>"; };
		4840ADD929D462C700C8D620 /* UserDefaultsProvider.swift */ = {isa = PBXFileReference; lastKnownFileType = sourcecode.swift; path = UserDefaultsProvider.swift; sourceTree = "<group>"; };
		4840ADDB29D4761A00C8D620 /* IsPrimeModalView.swift */ = {isa = PBXFileReference; lastKnownFileType = sourcecode.swift; path = IsPrimeModalView.swift; sourceTree = "<group>"; };
		4840ADDD29D5BB0000C8D620 /* IsPrimeNumberChecker.swift */ = {isa = PBXFileReference; lastKnownFileType = sourcecode.swift; path = IsPrimeNumberChecker.swift; sourceTree = "<group>"; };
		4840ADE029D5BB3A00C8D620 /* String+Extensions.swift */ = {isa = PBXFileReference; lastKnownFileType = sourcecode.swift; path = "String+Extensions.swift"; sourceTree = "<group>"; };
		4840ADE429D5C18700C8D620 /* WolframAlphaResult.swift */ = {isa = PBXFileReference; lastKnownFileType = sourcecode.swift; path = WolframAlphaResult.swift; sourceTree = "<group>"; };
		4840ADE629D5C39C00C8D620 /* NetworkService.swift */ = {isa = PBXFileReference; lastKnownFileType = sourcecode.swift; path = NetworkService.swift; sourceTree = "<group>"; };
		4840ADE829D5C3D400C8D620 /* APIError.swift */ = {isa = PBXFileReference; lastKnownFileType = sourcecode.swift; path = APIError.swift; sourceTree = "<group>"; };
		4840ADEA29D5C3F000C8D620 /* RequestBuilder.swift */ = {isa = PBXFileReference; lastKnownFileType = sourcecode.swift; path = RequestBuilder.swift; sourceTree = "<group>"; };
		4840ADED29D5C42200C8D620 /* WolframEndpoint.swift */ = {isa = PBXFileReference; lastKnownFileType = sourcecode.swift; path = WolframEndpoint.swift; sourceTree = "<group>"; };
		48DC1AAC29DC44DA0011A0A0 /* WolframNetworkManagerProtocol.swift */ = {isa = PBXFileReference; lastKnownFileType = sourcecode.swift; path = WolframNetworkManagerProtocol.swift; sourceTree = "<group>"; };
		48DC1AAF29DC491D0011A0A0 /* CounterViewModel.swift */ = {isa = PBXFileReference; lastKnownFileType = sourcecode.swift; path = CounterViewModel.swift; sourceTree = "<group>"; };
		48DC1AB129DC4CCA0011A0A0 /* MenuViewModel.swift */ = {isa = PBXFileReference; lastKnownFileType = sourcecode.swift; path = MenuViewModel.swift; sourceTree = "<group>"; };
		48DC1AB329DC63910011A0A0 /* FavoritePrimesView.swift */ = {isa = PBXFileReference; lastKnownFileType = sourcecode.swift; path = FavoritePrimesView.swift; sourceTree = "<group>"; };
		48DC1AB629DC67210011A0A0 /* FavoritePrimes.swift */ = {isa = PBXFileReference; lastKnownFileType = sourcecode.swift; path = FavoritePrimes.swift; sourceTree = "<group>"; };
/* End PBXFileReference section */

/* Begin PBXFrameworksBuildPhase section */
		4840ADA029D44F8800C8D620 /* Frameworks */ = {
			isa = PBXFrameworksBuildPhase;
			buildActionMask = 2147483647;
			files = (
			);
			runOnlyForDeploymentPostprocessing = 0;
		};
		4840ADB029D44F8A00C8D620 /* Frameworks */ = {
			isa = PBXFrameworksBuildPhase;
			buildActionMask = 2147483647;
			files = (
			);
			runOnlyForDeploymentPostprocessing = 0;
		};
		4840ADBA29D44F8A00C8D620 /* Frameworks */ = {
			isa = PBXFrameworksBuildPhase;
			buildActionMask = 2147483647;
			files = (
			);
			runOnlyForDeploymentPostprocessing = 0;
		};
/* End PBXFrameworksBuildPhase section */

/* Begin PBXGroup section */
		4834302529DDC1600021CE72 /* UserDefaults */ = {
			isa = PBXGroup;
			children = (
				4834302329DDC15D0021CE72 /* UserDefaultsStore.swift */,
				4840ADD929D462C700C8D620 /* UserDefaultsProvider.swift */,
			);
			path = UserDefaults;
			sourceTree = "<group>";
		};
		4834302A29DDCD850021CE72 /* ReusableViews */ = {
			isa = PBXGroup;
			children = (
				4834302829DDC92E0021CE72 /* CircleButton.swift */,
			);
			path = ReusableViews;
			sourceTree = "<group>";
		};
		4834302B29DDCDA80021CE72 /* Services */ = {
			isa = PBXGroup;
			children = (
				4834302C29DDCDB40021CE72 /* Storage */,
				4840ADE329D5C17800C8D620 /* Network */,
			);
			path = Services;
			sourceTree = "<group>";
		};
		4834302C29DDCDB40021CE72 /* Storage */ = {
			isa = PBXGroup;
			children = (
				4834302529DDC1600021CE72 /* UserDefaults */,
			);
			path = Storage;
			sourceTree = "<group>";
		};
		4840AD9A29D44F8800C8D620 = {
			isa = PBXGroup;
			children = (
				4840ADA529D44F8800C8D620 /* PrimeNumberApp */,
				4840ADB629D44F8A00C8D620 /* PrimeNumberAppTests */,
				4840ADC029D44F8A00C8D620 /* PrimeNumberAppUITests */,
				4840ADA429D44F8800C8D620 /* Products */,
			);
			sourceTree = "<group>";
		};
		4840ADA429D44F8800C8D620 /* Products */ = {
			isa = PBXGroup;
			children = (
				4840ADA329D44F8800C8D620 /* PrimeNumberApp.app */,
				4840ADB329D44F8A00C8D620 /* PrimeNumberAppTests.xctest */,
				4840ADBD29D44F8A00C8D620 /* PrimeNumberAppUITests.xctest */,
			);
			name = Products;
			sourceTree = "<group>";
		};
		4840ADA529D44F8800C8D620 /* PrimeNumberApp */ = {
			isa = PBXGroup;
			children = (
				4840ADA629D44F8800C8D620 /* PrimeNumberAppApp.swift */,
				4840ADD629D45CEF00C8D620 /* AppState */,
				4834302B29DDCDA80021CE72 /* Services */,
				4840ADDF29D5BB2900C8D620 /* Extensions */,
				48DC1AB529DC67150011A0A0 /* Models */,
				48DC1AAE29DC490F0011A0A0 /* ViewModels */,
				4840ADD029D4518E00C8D620 /* Views */,
				4840ADD329D45A2700C8D620 /* Helpers */,
				4840ADAA29D44F8900C8D620 /* Assets.xcassets */,
				4840ADAC29D44F8900C8D620 /* Preview Content */,
			);
			path = PrimeNumberApp;
			sourceTree = "<group>";
		};
		4840ADAC29D44F8900C8D620 /* Preview Content */ = {
			isa = PBXGroup;
			children = (
				4840ADAD29D44F8900C8D620 /* Preview Assets.xcassets */,
			);
			path = "Preview Content";
			sourceTree = "<group>";
		};
		4840ADB629D44F8A00C8D620 /* PrimeNumberAppTests */ = {
			isa = PBXGroup;
			children = (
				4840ADB729D44F8A00C8D620 /* PrimeNumberAppTests.swift */,
			);
			path = PrimeNumberAppTests;
			sourceTree = "<group>";
		};
		4840ADC029D44F8A00C8D620 /* PrimeNumberAppUITests */ = {
			isa = PBXGroup;
			children = (
				4840ADC129D44F8A00C8D620 /* PrimeNumberAppUITests.swift */,
				4840ADC329D44F8A00C8D620 /* PrimeNumberAppUITestsLaunchTests.swift */,
			);
			path = PrimeNumberAppUITests;
			sourceTree = "<group>";
		};
		4840ADD029D4518E00C8D620 /* Views */ = {
			isa = PBXGroup;
			children = (
				4834302A29DDCD850021CE72 /* ReusableViews */,
				4840ADA829D44F8800C8D620 /* MenuView.swift */,
				4840ADD129D4519800C8D620 /* CounterView.swift */,
				48DC1AB329DC63910011A0A0 /* FavoritePrimesView.swift */,
				4840ADDB29D4761A00C8D620 /* IsPrimeModalView.swift */,
			);
			path = Views;
			sourceTree = "<group>";
		};
		4840ADD329D45A2700C8D620 /* Helpers */ = {
			isa = PBXGroup;
			children = (
				4840ADD429D45A3200C8D620 /* NumberPluralizer.swift */,
				4840ADDD29D5BB0000C8D620 /* IsPrimeNumberChecker.swift */,
			);
			path = Helpers;
			sourceTree = "<group>";
		};
		4840ADD629D45CEF00C8D620 /* AppState */ = {
			isa = PBXGroup;
			children = (
				4840ADD729D45CFE00C8D620 /* AppState.swift */,
			);
			path = AppState;
			sourceTree = "<group>";
		};
		4840ADDF29D5BB2900C8D620 /* Extensions */ = {
			isa = PBXGroup;
			children = (
				4840ADE029D5BB3A00C8D620 /* String+Extensions.swift */,
			);
			path = Extensions;
			sourceTree = "<group>";
		};
		4840ADE329D5C17800C8D620 /* Network */ = {
			isa = PBXGroup;
			children = (
				4840ADEC29D5C3F500C8D620 /* DTOModels */,
				4840ADE629D5C39C00C8D620 /* NetworkService.swift */,
				4840ADE829D5C3D400C8D620 /* APIError.swift */,
				4840ADEA29D5C3F000C8D620 /* RequestBuilder.swift */,
				4840ADED29D5C42200C8D620 /* WolframEndpoint.swift */,
				48DC1AAC29DC44DA0011A0A0 /* WolframNetworkManagerProtocol.swift */,
			);
			path = Network;
			sourceTree = "<group>";
		};
		4840ADEC29D5C3F500C8D620 /* DTOModels */ = {
			isa = PBXGroup;
			children = (
				4840ADE429D5C18700C8D620 /* WolframAlphaResult.swift */,
			);
			path = DTOModels;
			sourceTree = "<group>";
		};
		48DC1AAE29DC490F0011A0A0 /* ViewModels */ = {
			isa = PBXGroup;
			children = (
				48DC1AB129DC4CCA0011A0A0 /* MenuViewModel.swift */,
				48DC1AAF29DC491D0011A0A0 /* CounterViewModel.swift */,
				4834302629DDC1BE0021CE72 /* FavoritePrimesViewModel.swift */,
			);
			path = ViewModels;
			sourceTree = "<group>";
		};
		48DC1AB529DC67150011A0A0 /* Models */ = {
			isa = PBXGroup;
			children = (
				48DC1AB629DC67210011A0A0 /* FavoritePrimes.swift */,
			);
			path = Models;
			sourceTree = "<group>";
		};
/* End PBXGroup section */

/* Begin PBXNativeTarget section */
		4840ADA229D44F8800C8D620 /* PrimeNumberApp */ = {
			isa = PBXNativeTarget;
			buildConfigurationList = 4840ADC729D44F8A00C8D620 /* Build configuration list for PBXNativeTarget "PrimeNumberApp" */;
			buildPhases = (
				4840AD9F29D44F8800C8D620 /* Sources */,
				4840ADA029D44F8800C8D620 /* Frameworks */,
				4840ADA129D44F8800C8D620 /* Resources */,
			);
			buildRules = (
			);
			dependencies = (
			);
			name = PrimeNumberApp;
			productName = PrimeNumberApp;
			productReference = 4840ADA329D44F8800C8D620 /* PrimeNumberApp.app */;
			productType = "com.apple.product-type.application";
		};
		4840ADB229D44F8A00C8D620 /* PrimeNumberAppTests */ = {
			isa = PBXNativeTarget;
			buildConfigurationList = 4840ADCA29D44F8A00C8D620 /* Build configuration list for PBXNativeTarget "PrimeNumberAppTests" */;
			buildPhases = (
				4840ADAF29D44F8A00C8D620 /* Sources */,
				4840ADB029D44F8A00C8D620 /* Frameworks */,
				4840ADB129D44F8A00C8D620 /* Resources */,
			);
			buildRules = (
			);
			dependencies = (
				4840ADB529D44F8A00C8D620 /* PBXTargetDependency */,
			);
			name = PrimeNumberAppTests;
			productName = PrimeNumberAppTests;
			productReference = 4840ADB329D44F8A00C8D620 /* PrimeNumberAppTests.xctest */;
			productType = "com.apple.product-type.bundle.unit-test";
		};
		4840ADBC29D44F8A00C8D620 /* PrimeNumberAppUITests */ = {
			isa = PBXNativeTarget;
			buildConfigurationList = 4840ADCD29D44F8A00C8D620 /* Build configuration list for PBXNativeTarget "PrimeNumberAppUITests" */;
			buildPhases = (
				4840ADB929D44F8A00C8D620 /* Sources */,
				4840ADBA29D44F8A00C8D620 /* Frameworks */,
				4840ADBB29D44F8A00C8D620 /* Resources */,
			);
			buildRules = (
			);
			dependencies = (
				4840ADBF29D44F8A00C8D620 /* PBXTargetDependency */,
			);
			name = PrimeNumberAppUITests;
			productName = PrimeNumberAppUITests;
			productReference = 4840ADBD29D44F8A00C8D620 /* PrimeNumberAppUITests.xctest */;
			productType = "com.apple.product-type.bundle.ui-testing";
		};
/* End PBXNativeTarget section */

/* Begin PBXProject section */
		4840AD9B29D44F8800C8D620 /* Project object */ = {
			isa = PBXProject;
			attributes = {
				BuildIndependentTargetsInParallel = 1;
				LastSwiftUpdateCheck = 1420;
				LastUpgradeCheck = 1420;
				TargetAttributes = {
					4840ADA229D44F8800C8D620 = {
						CreatedOnToolsVersion = 14.2;
					};
					4840ADB229D44F8A00C8D620 = {
						CreatedOnToolsVersion = 14.2;
						TestTargetID = 4840ADA229D44F8800C8D620;
					};
					4840ADBC29D44F8A00C8D620 = {
						CreatedOnToolsVersion = 14.2;
						TestTargetID = 4840ADA229D44F8800C8D620;
					};
				};
			};
			buildConfigurationList = 4840AD9E29D44F8800C8D620 /* Build configuration list for PBXProject "PrimeNumberApp" */;
			compatibilityVersion = "Xcode 14.0";
			developmentRegion = en;
			hasScannedForEncodings = 0;
			knownRegions = (
				en,
				Base,
			);
			mainGroup = 4840AD9A29D44F8800C8D620;
			productRefGroup = 4840ADA429D44F8800C8D620 /* Products */;
			projectDirPath = "";
			projectRoot = "";
			targets = (
				4840ADA229D44F8800C8D620 /* PrimeNumberApp */,
				4840ADB229D44F8A00C8D620 /* PrimeNumberAppTests */,
				4840ADBC29D44F8A00C8D620 /* PrimeNumberAppUITests */,
			);
		};
/* End PBXProject section */

/* Begin PBXResourcesBuildPhase section */
		4840ADA129D44F8800C8D620 /* Resources */ = {
			isa = PBXResourcesBuildPhase;
			buildActionMask = 2147483647;
			files = (
				4840ADAE29D44F8900C8D620 /* Preview Assets.xcassets in Resources */,
				4840ADAB29D44F8900C8D620 /* Assets.xcassets in Resources */,
			);
			runOnlyForDeploymentPostprocessing = 0;
		};
		4840ADB129D44F8A00C8D620 /* Resources */ = {
			isa = PBXResourcesBuildPhase;
			buildActionMask = 2147483647;
			files = (
			);
			runOnlyForDeploymentPostprocessing = 0;
		};
		4840ADBB29D44F8A00C8D620 /* Resources */ = {
			isa = PBXResourcesBuildPhase;
			buildActionMask = 2147483647;
			files = (
			);
			runOnlyForDeploymentPostprocessing = 0;
		};
/* End PBXResourcesBuildPhase section */

/* Begin PBXSourcesBuildPhase section */
		4840AD9F29D44F8800C8D620 /* Sources */ = {
			isa = PBXSourcesBuildPhase;
			buildActionMask = 2147483647;
			files = (
				4840ADE729D5C39C00C8D620 /* NetworkService.swift in Sources */,
				4840ADD529D45A3200C8D620 /* NumberPluralizer.swift in Sources */,
				4840ADD829D45CFE00C8D620 /* AppState.swift in Sources */,
				48DC1AB229DC4CCA0011A0A0 /* MenuViewModel.swift in Sources */,
				4834302729DDC1BE0021CE72 /* FavoritePrimesViewModel.swift in Sources */,
				48DC1AAD29DC44DA0011A0A0 /* WolframNetworkManagerProtocol.swift in Sources */,
				4840ADEB29D5C3F000C8D620 /* RequestBuilder.swift in Sources */,
				4834302429DDC15D0021CE72 /* UserDefaultsStore.swift in Sources */,
				4840ADE529D5C18700C8D620 /* WolframAlphaResult.swift in Sources */,
				4840ADA929D44F8800C8D620 /* MenuView.swift in Sources */,
				4840ADE929D5C3D400C8D620 /* APIError.swift in Sources */,
				4840ADEE29D5C42200C8D620 /* WolframEndpoint.swift in Sources */,
				4840ADA729D44F8800C8D620 /* PrimeNumberAppApp.swift in Sources */,
				48DC1AB729DC67210011A0A0 /* FavoritePrimes.swift in Sources */,
				4840ADE129D5BB3A00C8D620 /* String+Extensions.swift in Sources */,
				48DC1AB429DC63910011A0A0 /* FavoritePrimesView.swift in Sources */,
				4840ADDE29D5BB0000C8D620 /* IsPrimeNumberChecker.swift in Sources */,
				4834302929DDC92E0021CE72 /* CircleButton.swift in Sources */,
				4840ADD229D4519800C8D620 /* CounterView.swift in Sources */,
				48DC1AB029DC491D0011A0A0 /* CounterViewModel.swift in Sources */,
				4840ADDA29D462C700C8D620 /* UserDefaultsProvider.swift in Sources */,
				4840ADDC29D4761A00C8D620 /* IsPrimeModalView.swift in Sources */,
			);
			runOnlyForDeploymentPostprocessing = 0;
		};
		4840ADAF29D44F8A00C8D620 /* Sources */ = {
			isa = PBXSourcesBuildPhase;
			buildActionMask = 2147483647;
			files = (
				4840ADB829D44F8A00C8D620 /* PrimeNumberAppTests.swift in Sources */,
			);
			runOnlyForDeploymentPostprocessing = 0;
		};
		4840ADB929D44F8A00C8D620 /* Sources */ = {
			isa = PBXSourcesBuildPhase;
			buildActionMask = 2147483647;
			files = (
				4840ADC229D44F8A00C8D620 /* PrimeNumberAppUITests.swift in Sources */,
				4840ADC429D44F8A00C8D620 /* PrimeNumberAppUITestsLaunchTests.swift in Sources */,
			);
			runOnlyForDeploymentPostprocessing = 0;
		};
/* End PBXSourcesBuildPhase section */

/* Begin PBXTargetDependency section */
		4840ADB529D44F8A00C8D620 /* PBXTargetDependency */ = {
			isa = PBXTargetDependency;
			target = 4840ADA229D44F8800C8D620 /* PrimeNumberApp */;
			targetProxy = 4840ADB429D44F8A00C8D620 /* PBXContainerItemProxy */;
		};
		4840ADBF29D44F8A00C8D620 /* PBXTargetDependency */ = {
			isa = PBXTargetDependency;
			target = 4840ADA229D44F8800C8D620 /* PrimeNumberApp */;
			targetProxy = 4840ADBE29D44F8A00C8D620 /* PBXContainerItemProxy */;
		};
/* End PBXTargetDependency section */

/* Begin XCBuildConfiguration section */
		4840ADC529D44F8A00C8D620 /* Debug */ = {
			isa = XCBuildConfiguration;
			buildSettings = {
				ALWAYS_SEARCH_USER_PATHS = NO;
				CLANG_ANALYZER_NONNULL = YES;
				CLANG_ANALYZER_NUMBER_OBJECT_CONVERSION = YES_AGGRESSIVE;
				CLANG_CXX_LANGUAGE_STANDARD = "gnu++20";
				CLANG_ENABLE_MODULES = YES;
				CLANG_ENABLE_OBJC_ARC = YES;
				CLANG_ENABLE_OBJC_WEAK = YES;
				CLANG_WARN_BLOCK_CAPTURE_AUTORELEASING = YES;
				CLANG_WARN_BOOL_CONVERSION = YES;
				CLANG_WARN_COMMA = YES;
				CLANG_WARN_CONSTANT_CONVERSION = YES;
				CLANG_WARN_DEPRECATED_OBJC_IMPLEMENTATIONS = YES;
				CLANG_WARN_DIRECT_OBJC_ISA_USAGE = YES_ERROR;
				CLANG_WARN_DOCUMENTATION_COMMENTS = YES;
				CLANG_WARN_EMPTY_BODY = YES;
				CLANG_WARN_ENUM_CONVERSION = YES;
				CLANG_WARN_INFINITE_RECURSION = YES;
				CLANG_WARN_INT_CONVERSION = YES;
				CLANG_WARN_NON_LITERAL_NULL_CONVERSION = YES;
				CLANG_WARN_OBJC_IMPLICIT_RETAIN_SELF = YES;
				CLANG_WARN_OBJC_LITERAL_CONVERSION = YES;
				CLANG_WARN_OBJC_ROOT_CLASS = YES_ERROR;
				CLANG_WARN_QUOTED_INCLUDE_IN_FRAMEWORK_HEADER = YES;
				CLANG_WARN_RANGE_LOOP_ANALYSIS = YES;
				CLANG_WARN_STRICT_PROTOTYPES = YES;
				CLANG_WARN_SUSPICIOUS_MOVE = YES;
				CLANG_WARN_UNGUARDED_AVAILABILITY = YES_AGGRESSIVE;
				CLANG_WARN_UNREACHABLE_CODE = YES;
				CLANG_WARN__DUPLICATE_METHOD_MATCH = YES;
				COPY_PHASE_STRIP = NO;
				DEBUG_INFORMATION_FORMAT = dwarf;
				ENABLE_STRICT_OBJC_MSGSEND = YES;
				ENABLE_TESTABILITY = YES;
				GCC_C_LANGUAGE_STANDARD = gnu11;
				GCC_DYNAMIC_NO_PIC = NO;
				GCC_NO_COMMON_BLOCKS = YES;
				GCC_OPTIMIZATION_LEVEL = 0;
				GCC_PREPROCESSOR_DEFINITIONS = (
					"DEBUG=1",
					"$(inherited)",
				);
				GCC_WARN_64_TO_32_BIT_CONVERSION = YES;
				GCC_WARN_ABOUT_RETURN_TYPE = YES_ERROR;
				GCC_WARN_UNDECLARED_SELECTOR = YES;
				GCC_WARN_UNINITIALIZED_AUTOS = YES_AGGRESSIVE;
				GCC_WARN_UNUSED_FUNCTION = YES;
				GCC_WARN_UNUSED_VARIABLE = YES;
				IPHONEOS_DEPLOYMENT_TARGET = 16.2;
				MTL_ENABLE_DEBUG_INFO = INCLUDE_SOURCE;
				MTL_FAST_MATH = YES;
				ONLY_ACTIVE_ARCH = YES;
				SDKROOT = iphoneos;
				SWIFT_ACTIVE_COMPILATION_CONDITIONS = DEBUG;
				SWIFT_OPTIMIZATION_LEVEL = "-Onone";
			};
			name = Debug;
		};
		4840ADC629D44F8A00C8D620 /* Release */ = {
			isa = XCBuildConfiguration;
			buildSettings = {
				ALWAYS_SEARCH_USER_PATHS = NO;
				CLANG_ANALYZER_NONNULL = YES;
				CLANG_ANALYZER_NUMBER_OBJECT_CONVERSION = YES_AGGRESSIVE;
				CLANG_CXX_LANGUAGE_STANDARD = "gnu++20";
				CLANG_ENABLE_MODULES = YES;
				CLANG_ENABLE_OBJC_ARC = YES;
				CLANG_ENABLE_OBJC_WEAK = YES;
				CLANG_WARN_BLOCK_CAPTURE_AUTORELEASING = YES;
				CLANG_WARN_BOOL_CONVERSION = YES;
				CLANG_WARN_COMMA = YES;
				CLANG_WARN_CONSTANT_CONVERSION = YES;
				CLANG_WARN_DEPRECATED_OBJC_IMPLEMENTATIONS = YES;
				CLANG_WARN_DIRECT_OBJC_ISA_USAGE = YES_ERROR;
				CLANG_WARN_DOCUMENTATION_COMMENTS = YES;
				CLANG_WARN_EMPTY_BODY = YES;
				CLANG_WARN_ENUM_CONVERSION = YES;
				CLANG_WARN_INFINITE_RECURSION = YES;
				CLANG_WARN_INT_CONVERSION = YES;
				CLANG_WARN_NON_LITERAL_NULL_CONVERSION = YES;
				CLANG_WARN_OBJC_IMPLICIT_RETAIN_SELF = YES;
				CLANG_WARN_OBJC_LITERAL_CONVERSION = YES;
				CLANG_WARN_OBJC_ROOT_CLASS = YES_ERROR;
				CLANG_WARN_QUOTED_INCLUDE_IN_FRAMEWORK_HEADER = YES;
				CLANG_WARN_RANGE_LOOP_ANALYSIS = YES;
				CLANG_WARN_STRICT_PROTOTYPES = YES;
				CLANG_WARN_SUSPICIOUS_MOVE = YES;
				CLANG_WARN_UNGUARDED_AVAILABILITY = YES_AGGRESSIVE;
				CLANG_WARN_UNREACHABLE_CODE = YES;
				CLANG_WARN__DUPLICATE_METHOD_MATCH = YES;
				COPY_PHASE_STRIP = NO;
				DEBUG_INFORMATION_FORMAT = "dwarf-with-dsym";
				ENABLE_NS_ASSERTIONS = NO;
				ENABLE_STRICT_OBJC_MSGSEND = YES;
				GCC_C_LANGUAGE_STANDARD = gnu11;
				GCC_NO_COMMON_BLOCKS = YES;
				GCC_WARN_64_TO_32_BIT_CONVERSION = YES;
				GCC_WARN_ABOUT_RETURN_TYPE = YES_ERROR;
				GCC_WARN_UNDECLARED_SELECTOR = YES;
				GCC_WARN_UNINITIALIZED_AUTOS = YES_AGGRESSIVE;
				GCC_WARN_UNUSED_FUNCTION = YES;
				GCC_WARN_UNUSED_VARIABLE = YES;
				IPHONEOS_DEPLOYMENT_TARGET = 16.2;
				MTL_ENABLE_DEBUG_INFO = NO;
				MTL_FAST_MATH = YES;
				SDKROOT = iphoneos;
				SWIFT_COMPILATION_MODE = wholemodule;
				SWIFT_OPTIMIZATION_LEVEL = "-O";
				VALIDATE_PRODUCT = YES;
			};
			name = Release;
		};
		4840ADC829D44F8A00C8D620 /* Debug */ = {
			isa = XCBuildConfiguration;
			buildSettings = {
				ASSETCATALOG_COMPILER_APPICON_NAME = AppIcon;
				ASSETCATALOG_COMPILER_GLOBAL_ACCENT_COLOR_NAME = AccentColor;
				CODE_SIGN_STYLE = Automatic;
				CURRENT_PROJECT_VERSION = 1;
				DEVELOPMENT_ASSET_PATHS = "\"PrimeNumberApp/Preview Content\"";
				ENABLE_PREVIEWS = YES;
				GENERATE_INFOPLIST_FILE = YES;
				INFOPLIST_KEY_UIApplicationSceneManifest_Generation = YES;
				INFOPLIST_KEY_UIApplicationSupportsIndirectInputEvents = YES;
				INFOPLIST_KEY_UILaunchScreen_Generation = YES;
				INFOPLIST_KEY_UISupportedInterfaceOrientations_iPad = "UIInterfaceOrientationPortrait UIInterfaceOrientationPortraitUpsideDown UIInterfaceOrientationLandscapeLeft UIInterfaceOrientationLandscapeRight";
				INFOPLIST_KEY_UISupportedInterfaceOrientations_iPhone = "UIInterfaceOrientationPortrait UIInterfaceOrientationLandscapeLeft UIInterfaceOrientationLandscapeRight";
				LD_RUNPATH_SEARCH_PATHS = (
					"$(inherited)",
					"@executable_path/Frameworks",
				);
				MARKETING_VERSION = 1.0;
				PRODUCT_BUNDLE_IDENTIFIER = Nick.K.PrimeNumberApp;
				PRODUCT_NAME = "$(TARGET_NAME)";
				SWIFT_EMIT_LOC_STRINGS = YES;
				SWIFT_VERSION = 5.0;
				TARGETED_DEVICE_FAMILY = "1,2";
			};
			name = Debug;
		};
		4840ADC929D44F8A00C8D620 /* Release */ = {
			isa = XCBuildConfiguration;
			buildSettings = {
				ASSETCATALOG_COMPILER_APPICON_NAME = AppIcon;
				ASSETCATALOG_COMPILER_GLOBAL_ACCENT_COLOR_NAME = AccentColor;
				CODE_SIGN_STYLE = Automatic;
				CURRENT_PROJECT_VERSION = 1;
				DEVELOPMENT_ASSET_PATHS = "\"PrimeNumberApp/Preview Content\"";
				ENABLE_PREVIEWS = YES;
				GENERATE_INFOPLIST_FILE = YES;
				INFOPLIST_KEY_UIApplicationSceneManifest_Generation = YES;
				INFOPLIST_KEY_UIApplicationSupportsIndirectInputEvents = YES;
				INFOPLIST_KEY_UILaunchScreen_Generation = YES;
				INFOPLIST_KEY_UISupportedInterfaceOrientations_iPad = "UIInterfaceOrientationPortrait UIInterfaceOrientationPortraitUpsideDown UIInterfaceOrientationLandscapeLeft UIInterfaceOrientationLandscapeRight";
				INFOPLIST_KEY_UISupportedInterfaceOrientations_iPhone = "UIInterfaceOrientationPortrait UIInterfaceOrientationLandscapeLeft UIInterfaceOrientationLandscapeRight";
				LD_RUNPATH_SEARCH_PATHS = (
					"$(inherited)",
					"@executable_path/Frameworks",
				);
				MARKETING_VERSION = 1.0;
				PRODUCT_BUNDLE_IDENTIFIER = Nick.K.PrimeNumberApp;
				PRODUCT_NAME = "$(TARGET_NAME)";
				SWIFT_EMIT_LOC_STRINGS = YES;
				SWIFT_VERSION = 5.0;
				TARGETED_DEVICE_FAMILY = "1,2";
			};
			name = Release;
		};
		4840ADCB29D44F8A00C8D620 /* Debug */ = {
			isa = XCBuildConfiguration;
			buildSettings = {
				ALWAYS_EMBED_SWIFT_STANDARD_LIBRARIES = YES;
				BUNDLE_LOADER = "$(TEST_HOST)";
				CODE_SIGN_STYLE = Automatic;
				CURRENT_PROJECT_VERSION = 1;
				GENERATE_INFOPLIST_FILE = YES;
				IPHONEOS_DEPLOYMENT_TARGET = 16.2;
				MARKETING_VERSION = 1.0;
				PRODUCT_BUNDLE_IDENTIFIER = Nick.K.PrimeNumberAppTests;
				PRODUCT_NAME = "$(TARGET_NAME)";
				SWIFT_EMIT_LOC_STRINGS = NO;
				SWIFT_VERSION = 5.0;
				TARGETED_DEVICE_FAMILY = "1,2";
				TEST_HOST = "$(BUILT_PRODUCTS_DIR)/PrimeNumberApp.app/$(BUNDLE_EXECUTABLE_FOLDER_PATH)/PrimeNumberApp";
			};
			name = Debug;
		};
		4840ADCC29D44F8A00C8D620 /* Release */ = {
			isa = XCBuildConfiguration;
			buildSettings = {
				ALWAYS_EMBED_SWIFT_STANDARD_LIBRARIES = YES;
				BUNDLE_LOADER = "$(TEST_HOST)";
				CODE_SIGN_STYLE = Automatic;
				CURRENT_PROJECT_VERSION = 1;
				GENERATE_INFOPLIST_FILE = YES;
				IPHONEOS_DEPLOYMENT_TARGET = 16.2;
				MARKETING_VERSION = 1.0;
				PRODUCT_BUNDLE_IDENTIFIER = Nick.K.PrimeNumberAppTests;
				PRODUCT_NAME = "$(TARGET_NAME)";
				SWIFT_EMIT_LOC_STRINGS = NO;
				SWIFT_VERSION = 5.0;
				TARGETED_DEVICE_FAMILY = "1,2";
				TEST_HOST = "$(BUILT_PRODUCTS_DIR)/PrimeNumberApp.app/$(BUNDLE_EXECUTABLE_FOLDER_PATH)/PrimeNumberApp";
			};
			name = Release;
		};
		4840ADCE29D44F8A00C8D620 /* Debug */ = {
			isa = XCBuildConfiguration;
			buildSettings = {
				ALWAYS_EMBED_SWIFT_STANDARD_LIBRARIES = YES;
				CODE_SIGN_STYLE = Automatic;
				CURRENT_PROJECT_VERSION = 1;
				GENERATE_INFOPLIST_FILE = YES;
				MARKETING_VERSION = 1.0;
				PRODUCT_BUNDLE_IDENTIFIER = Nick.K.PrimeNumberAppUITests;
				PRODUCT_NAME = "$(TARGET_NAME)";
				SWIFT_EMIT_LOC_STRINGS = NO;
				SWIFT_VERSION = 5.0;
				TARGETED_DEVICE_FAMILY = "1,2";
				TEST_TARGET_NAME = PrimeNumberApp;
			};
			name = Debug;
		};
		4840ADCF29D44F8A00C8D620 /* Release */ = {
			isa = XCBuildConfiguration;
			buildSettings = {
				ALWAYS_EMBED_SWIFT_STANDARD_LIBRARIES = YES;
				CODE_SIGN_STYLE = Automatic;
				CURRENT_PROJECT_VERSION = 1;
				GENERATE_INFOPLIST_FILE = YES;
				MARKETING_VERSION = 1.0;
				PRODUCT_BUNDLE_IDENTIFIER = Nick.K.PrimeNumberAppUITests;
				PRODUCT_NAME = "$(TARGET_NAME)";
				SWIFT_EMIT_LOC_STRINGS = NO;
				SWIFT_VERSION = 5.0;
				TARGETED_DEVICE_FAMILY = "1,2";
				TEST_TARGET_NAME = PrimeNumberApp;
			};
			name = Release;
		};
/* End XCBuildConfiguration section */

/* Begin XCConfigurationList section */
		4840AD9E29D44F8800C8D620 /* Build configuration list for PBXProject "PrimeNumberApp" */ = {
			isa = XCConfigurationList;
			buildConfigurations = (
				4840ADC529D44F8A00C8D620 /* Debug */,
				4840ADC629D44F8A00C8D620 /* Release */,
			);
			defaultConfigurationIsVisible = 0;
			defaultConfigurationName = Release;
		};
		4840ADC729D44F8A00C8D620 /* Build configuration list for PBXNativeTarget "PrimeNumberApp" */ = {
			isa = XCConfigurationList;
			buildConfigurations = (
				4840ADC829D44F8A00C8D620 /* Debug */,
				4840ADC929D44F8A00C8D620 /* Release */,
			);
			defaultConfigurationIsVisible = 0;
			defaultConfigurationName = Release;
		};
		4840ADCA29D44F8A00C8D620 /* Build configuration list for PBXNativeTarget "PrimeNumberAppTests" */ = {
			isa = XCConfigurationList;
			buildConfigurations = (
				4840ADCB29D44F8A00C8D620 /* Debug */,
				4840ADCC29D44F8A00C8D620 /* Release */,
			);
			defaultConfigurationIsVisible = 0;
			defaultConfigurationName = Release;
		};
		4840ADCD29D44F8A00C8D620 /* Build configuration list for PBXNativeTarget "PrimeNumberAppUITests" */ = {
			isa = XCConfigurationList;
			buildConfigurations = (
				4840ADCE29D44F8A00C8D620 /* Debug */,
				4840ADCF29D44F8A00C8D620 /* Release */,
			);
			defaultConfigurationIsVisible = 0;
			defaultConfigurationName = Release;
		};
/* End XCConfigurationList section */
	};
	rootObject = 4840AD9B29D44F8800C8D620 /* Project object */;
}
